<Solution>
  <Project Path="src/Dotcom.Cloud.Infrastructure.Common/Dotcom.Cloud.Infrastructure.Common.csproj" />
  <Project Path="src/Dotcom.Cloud.Infrastructure.Azure/Dotcom.Cloud.Infrastructure.Azure.csproj" />
  <Project Path="src/Dotcom.Cloud.Infrastructure.Aws/Dotcom.Cloud.Infrastructure.Aws.csproj" />
  <Project Path="src/Dotcom.Cloud.Infrastructure.Gcp/Dotcom.Cloud.Infrastructure.Gcp.csproj" />
  <Project Path="tests/Dotcom.Cloud.Tests/Dotcom.Cloud.Tests.csproj" />
  <Project Path="examples/azure-linux-vm/example-azure-linux-vm.csproj" />
  <Project Path="examples/azure-resource-group/example-azure-resource-group.csproj" />
  <Project Path="examples/azure-vnet/example-azure-vnet.csproj" />
  <Project Path="examples/azure-container-registry/example-azure-container-registry.csproj" />
  <Project Path="examples/azure-container-app/example-azure-container-app.csproj" />
</Solution>
